
Microsoft Visual Studio Solution File, Format Version 12.00
# Visual Studio Version 17
VisualStudioVersion = 17.14.36429.23
MinimumVisualStudioVersion = 10.0.40219.1
Project("{FAE04EC0-301F-11D3-BF4B-00C04F79EFBC}") = "Bai01", "Bai01\Bai01.csproj", "{EEB6D70F-4052-4FC6-9155-9A1474B1E36B}"
EndProject
Project("{2150E333-8FDC-42A3-9474-1A3956D46DE8}") = "Solution Items", "Solution Items", "{8EC462FD-D22E-90A8-E5CE-7E832BA40C5D}"
	ProjectSection(SolutionItems) = preProject
		.gitignore = .gitignore
	EndProjectSection
EndProject
Global
	GlobalSection(SolutionConfigurationPlatforms) = preSolution
		Debug|Any CPU = Debug|Any CPU
		Release|Any CPU = Release|Any CPU
	EndGlobalSection
	GlobalSection(ProjectConfigurationPlatforms) = postSolution
		{EEB6D70F-4052-4FC6-9155-9A1474B1E36B}.Debug|Any CPU.ActiveCfg = Debug|Any CPU
		{EEB6D70F-4052-4FC6-9155-9A1474B1E36B}.Debug|Any CPU.Build.0 = Debug|Any CPU
		{EEB6D70F-4052-4FC6-9155-9A1474B1E36B}.Release|Any CPU.ActiveCfg = Release|Any CPU
		{EEB6D70F-4052-4FC6-9155-9A1474B1E36B}.Release|Any CPU.Build.0 = Release|Any CPU
	EndGlobalSection
	GlobalSection(SolutionProperties) = preSolution
		HideSolutionNode = FALSE
	EndGlobalSection
	GlobalSection(ExtensibilityGlobals) = postSolution
		SolutionGuid = {C95EA848-606B-4CB4-9200-70430AAB9284}
	EndGlobalSection
EndGlobal
