
Microsoft Visual Studio Solution File, Format Version 12.00
# Visual Studio Version 17
VisualStudioVersion = 17.14.36429.23 d17.14
MinimumVisualStudioVersion = 10.0.40219.1
Project("{FAE04EC0-301F-11D3-BF4B-00C04F79EFBC}") = "Bai02", "Bai02\Bai02.csproj", "{76E0134D-DEAB-48C7-BA4B-9E80FAA7A904}"
EndProject
Global
	GlobalSection(SolutionConfigurationPlatforms) = preSolution
		Debug|Any CPU = Debug|Any CPU
		Release|Any CPU = Release|Any CPU
	EndGlobalSection
	GlobalSection(ProjectConfigurationPlatforms) = postSolution
		{76E0134D-DEAB-48C7-BA4B-9E80FAA7A904}.Debug|Any CPU.ActiveCfg = Debug|Any CPU
		{76E0134D-DEAB-48C7-BA4B-9E80FAA7A904}.Debug|Any CPU.Build.0 = Debug|Any CPU
		{76E0134D-DEAB-48C7-BA4B-9E80FAA7A904}.Release|Any CPU.ActiveCfg = Release|Any CPU
		{76E0134D-DEAB-48C7-BA4B-9E80FAA7A904}.Release|Any CPU.Build.0 = Release|Any CPU
	EndGlobalSection
	GlobalSection(SolutionProperties) = preSolution
		HideSolutionNode = FALSE
	EndGlobalSection
	GlobalSection(ExtensibilityGlobals) = postSolution
		SolutionGuid = {EB7FCA35-4B6C-467D-96FA-2B0674F0262E}
	EndGlobalSection
EndGlobal
